// !$*UTF8*$!
{
	archiveVersion = 1;
	classes = {
	};
	objectVersion = 50;
	objects = {

/* Begin PBXBuildFile section */
		1F67CBC625DBE14D0065C53F /* GuessNumberGamesAppApp.swift in Sources */ = {isa = PBXBuildFile; fileRef = 1F67CBC525DBE14D0065C53F /* GuessNumberGamesAppApp.swift */; };
		1F67CBC825DBE14D0065C53F /* ContentView.swift in Sources */ = {isa = PBXBuildFile; fileRef = 1F67CBC725DBE14D0065C53F /* ContentView.swift */; };
		1F67CBCA25DBE1510065C53F /* Assets.xcassets in Resources */ = {isa = PBXBuildFile; fileRef = 1F67CBC925DBE1510065C53F /* Assets.xcassets */; };
		1F67CBCD25DBE1510065C53F /* Preview Assets.xcassets in Resources */ = {isa = PBXBuildFile; fileRef = 1F67CBCC25DBE1510065C53F /* Preview Assets.xcassets */; };
		1F67CBD625DBE5D70065C53F /* UISlider.swift in Sources */ = {isa = PBXBuildFile; fileRef = 1F67CBD525DBE5D70065C53F /* UISlider.swift */; };
		1F67CBDA25DBEAA80065C53F /* SliderView.swift in Sources */ = {isa = PBXBuildFile; fileRef = 1F67CBD925DBEAA80065C53F /* SliderView.swift */; };
/* End PBXBuildFile section */

/* Begin PBXFileReference section */
		1F67CBC225DBE14D0065C53F /* GuessNumberGamesApp.app */ = {isa = PBXFileReference; explicitFileType = wrapper.application; includeInIndex = 0; path = GuessNumberGamesApp.app; sourceTree = BUILT_PRODUCTS_DIR; };
		1F67CBC525DBE14D0065C53F /* GuessNumberGamesAppApp.swift */ = {isa = PBXFileReference; lastKnownFileType = sourcecode.swift; path = GuessNumberGamesAppApp.swift; sourceTree = "<group>"; };
		1F67CBC725DBE14D0065C53F /* ContentView.swift */ = {isa = PBXFileReference; lastKnownFileType = sourcecode.swift; path = ContentView.swift; sourceTree = "<group>"; };
		1F67CBC925DBE1510065C53F /* Assets.xcassets */ = {isa = PBXFileReference; lastKnownFileType = folder.assetcatalog; path = Assets.xcassets; sourceTree = "<group>"; };
		1F67CBCC25DBE1510065C53F /* Preview Assets.xcassets */ = {isa = PBXFileReference; lastKnownFileType = folder.assetcatalog; path = "Preview Assets.xcassets"; sourceTree = "<group>"; };
		1F67CBCE25DBE1510065C53F /* Info.plist */ = {isa = PBXFileReference; lastKnownFileType = text.plist.xml; path = Info.plist; sourceTree = "<group>"; };
		1F67CBD525DBE5D70065C53F /* UISlider.swift */ = {isa = PBXFileReference; fileEncoding = 4; lastKnownFileType = sourcecode.swift; path = UISlider.swift; sourceTree = "<group>"; };
		1F67CBD925DBEAA80065C53F /* SliderView.swift */ = {isa = PBXFileReference; lastKnownFileType = sourcecode.swift; path = SliderView.swift; sourceTree = "<group>"; };
/* End PBXFileReference section */

/* Begin PBXFrameworksBuildPhase section */
		1F67CBBF25DBE14D0065C53F /* Frameworks */ = {
			isa = PBXFrameworksBuildPhase;
			buildActionMask = 2147483647;
			files = (
			);
			runOnlyForDeploymentPostprocessing = 0;
		};
/* End PBXFrameworksBuildPhase section */

/* Begin PBXGroup section */
		1F67CBB925DBE14D0065C53F = {
			isa = PBXGroup;
			children = (
				1F67CBC425DBE14D0065C53F /* GuessNumberGamesApp */,
				1F67CBC325DBE14D0065C53F /* Products */,
			);
			sourceTree = "<group>";
		};
		1F67CBC325DBE14D0065C53F /* Products */ = {
			isa = PBXGroup;
			children = (
				1F67CBC225DBE14D0065C53F /* GuessNumberGamesApp.app */,
			);
			name = Products;
			sourceTree = "<group>";
		};
		1F67CBC425DBE14D0065C53F /* GuessNumberGamesApp */ = {
			isa = PBXGroup;
			children = (
				1F67CBC525DBE14D0065C53F /* GuessNumberGamesAppApp.swift */,
				1F67CBC725DBE14D0065C53F /* ContentView.swift */,
				1F67CBD925DBEAA80065C53F /* SliderView.swift */,
				1F67CBD525DBE5D70065C53F /* UISlider.swift */,
				1F67CBCE25DBE1510065C53F /* Info.plist */,
				1F67CBC925DBE1510065C53F /* Assets.xcassets */,
				1F67CBCB25DBE1510065C53F /* Preview Content */,
			);
			path = GuessNumberGamesApp;
			sourceTree = "<group>";
		};
		1F67CBCB25DBE1510065C53F /* Preview Content */ = {
			isa = PBXGroup;
			children = (
				1F67CBCC25DBE1510065C53F /* Preview Assets.xcassets */,
			);
			path = "Preview Content";
			sourceTree = "<group>";
		};
/* End PBXGroup section */

/* Begin PBXNativeTarget section */
		1F67CBC125DBE14D0065C53F /* GuessNumberGamesApp */ = {
			isa = PBXNativeTarget;
			buildConfigurationList = 1F67CBD125DBE1510065C53F /* Build configuration list for PBXNativeTarget "GuessNumberGamesApp" */;
			buildPhases = (
				1F67CBBE25DBE14D0065C53F /* Sources */,
				1F67CBBF25DBE14D0065C53F /* Frameworks */,
				1F67CBC025DBE14D0065C53F /* Resources */,
			);
			buildRules = (
			);
			dependencies = (
			);
			name = GuessNumberGamesApp;
			productName = GuessNumberGamesApp;
			productReference = 1F67CBC225DBE14D0065C53F /* GuessNumberGamesApp.app */;
			productType = "com.apple.product-type.application";
		};
/* End PBXNativeTarget section */

/* Begin PBXProject section */
		1F67CBBA25DBE14D0065C53F /* Project object */ = {
			isa = PBXProject;
			attributes = {
				LastSwiftUpdateCheck = 1240;
				LastUpgradeCheck = 1240;
				TargetAttributes = {
					1F67CBC125DBE14D0065C53F = {
						CreatedOnToolsVersion = 12.4;
					};
				};
			};
			buildConfigurationList = 1F67CBBD25DBE14D0065C53F /* Build configuration list for PBXProject "GuessNumberGamesApp" */;
			compatibilityVersion = "Xcode 9.3";
			developmentRegion = en;
			hasScannedForEncodings = 0;
			knownRegions = (
				en,
				Base,
			);
			mainGroup = 1F67CBB925DBE14D0065C53F;
			productRefGroup = 1F67CBC325DBE14D0065C53F /* Products */;
			projectDirPath = "";
			projectRoot = "";
			targets = (
				1F67CBC125DBE14D0065C53F /* GuessNumberGamesApp */,
			);
		};
/* End PBXProject section */

/* Begin PBXResourcesBuildPhase section */
		1F67CBC025DBE14D0065C53F /* Resources */ = {
			isa = PBXResourcesBuildPhase;
			buildActionMask = 2147483647;
			files = (
				1F67CBCD25DBE1510065C53F /* Preview Assets.xcassets in Resources */,
				1F67CBCA25DBE1510065C53F /* Assets.xcassets in Resources */,
			);
			runOnlyForDeploymentPostprocessing = 0;
		};
/* End PBXResourcesBuildPhase section */

/* Begin PBXSourcesBuildPhase section */
		1F67CBBE25DBE14D0065C53F /* Sources */ = {
			isa = PBXSourcesBuildPhase;
			buildActionMask = 2147483647;
			files = (
				1F67CBD625DBE5D70065C53F /* UISlider.swift in Sources */,
				1F67CBDA25DBEAA80065C53F /* SliderView.swift in Sources */,
				1F67CBC825DBE14D0065C53F /* ContentView.swift in Sources */,
				1F67CBC625DBE14D0065C53F /* GuessNumberGamesAppApp.swift in Sources */,
			);
			runOnlyForDeploymentPostprocessing = 0;
		};
/* End PBXSourcesBuildPhase section */

/* Begin XCBuildConfiguration section */
		1F67CBCF25DBE1510065C53F /* Debug */ = {
			isa = XCBuildConfiguration;
			buildSettings = {
				ALWAYS_SEARCH_USER_PATHS = NO;
				CLANG_ANALYZER_NONNULL = YES;
				CLANG_ANALYZER_NUMBER_OBJECT_CONVERSION = YES_AGGRESSIVE;
				CLANG_CXX_LANGUAGE_STANDARD = "gnu++14";
				CLANG_CXX_LIBRARY = "libc++";
				CLANG_ENABLE_MODULES = YES;
				CLANG_ENABLE_OBJC_ARC = YES;
				CLANG_ENABLE_OBJC_WEAK = YES;
				CLANG_WARN_BLOCK_CAPTURE_AUTORELEASING = YES;
				CLANG_WARN_BOOL_CONVERSION = YES;
				CLANG_WARN_COMMA = YES;
				CLANG_WARN_CONSTANT_CONVERSION = YES;
				CLANG_WARN_DEPRECATED_OBJC_IMPLEMENTATIONS = YES;
				CLANG_WARN_DIRECT_OBJC_ISA_USAGE = YES_ERROR;
				CLANG_WARN_DOCUMENTATION_COMMENTS = YES;
				CLANG_WARN_EMPTY_BODY = YES;
				CLANG_WARN_ENUM_CONVERSION = YES;
				CLANG_WARN_INFINITE_RECURSION = YES;
				CLANG_WARN_INT_CONVERSION = YES;
				CLANG_WARN_NON_LITERAL_NULL_CONVERSION = YES;
				CLANG_WARN_OBJC_IMPLICIT_RETAIN_SELF = YES;
				CLANG_WARN_OBJC_LITERAL_CONVERSION = YES;
				CLANG_WARN_OBJC_ROOT_CLASS = YES_ERROR;
				CLANG_WARN_QUOTED_INCLUDE_IN_FRAMEWORK_HEADER = YES;
				CLANG_WARN_RANGE_LOOP_ANALYSIS = YES;
				CLANG_WARN_STRICT_PROTOTYPES = YES;
				CLANG_WARN_SUSPICIOUS_MOVE = YES;
				CLANG_WARN_UNGUARDED_AVAILABILITY = YES_AGGRESSIVE;
				CLANG_WARN_UNREACHABLE_CODE = YES;
				CLANG_WARN__DUPLICATE_METHOD_MATCH = YES;
				COPY_PHASE_STRIP = NO;
				DEBUG_INFORMATION_FORMAT = dwarf;
				ENABLE_STRICT_OBJC_MSGSEND = YES;
				ENABLE_TESTABILITY = YES;
				GCC_C_LANGUAGE_STANDARD = gnu11;
				GCC_DYNAMIC_NO_PIC = NO;
				GCC_NO_COMMON_BLOCKS = YES;
				GCC_OPTIMIZATION_LEVEL = 0;
				GCC_PREPROCESSOR_DEFINITIONS = (
					"DEBUG=1",
					"$(inherited)",
				);
				GCC_WARN_64_TO_32_BIT_CONVERSION = YES;
				GCC_WARN_ABOUT_RETURN_TYPE = YES_ERROR;
				GCC_WARN_UNDECLARED_SELECTOR = YES;
				GCC_WARN_UNINITIALIZED_AUTOS = YES_AGGRESSIVE;
				GCC_WARN_UNUSED_FUNCTION = YES;
				GCC_WARN_UNUSED_VARIABLE = YES;
				IPHONEOS_DEPLOYMENT_TARGET = 14.4;
				MTL_ENABLE_DEBUG_INFO = INCLUDE_SOURCE;
				MTL_FAST_MATH = YES;
				ONLY_ACTIVE_ARCH = YES;
				SDKROOT = iphoneos;
				SWIFT_ACTIVE_COMPILATION_CONDITIONS = DEBUG;
				SWIFT_OPTIMIZATION_LEVEL = "-Onone";
			};
			name = Debug;
		};
		1F67CBD025DBE1510065C53F /* Release */ = {
			isa = XCBuildConfiguration;
			buildSettings = {
				ALWAYS_SEARCH_USER_PATHS = NO;
				CLANG_ANALYZER_NONNULL = YES;
				CLANG_ANALYZER_NUMBER_OBJECT_CONVERSION = YES_AGGRESSIVE;
				CLANG_CXX_LANGUAGE_STANDARD = "gnu++14";
				CLANG_CXX_LIBRARY = "libc++";
				CLANG_ENABLE_MODULES = YES;
				CLANG_ENABLE_OBJC_ARC = YES;
				CLANG_ENABLE_OBJC_WEAK = YES;
				CLANG_WARN_BLOCK_CAPTURE_AUTORELEASING = YES;
				CLANG_WARN_BOOL_CONVERSION = YES;
				CLANG_WARN_COMMA = YES;
				CLANG_WARN_CONSTANT_CONVERSION = YES;
				CLANG_WARN_DEPRECATED_OBJC_IMPLEMENTATIONS = YES;
				CLANG_WARN_DIRECT_OBJC_ISA_USAGE = YES_ERROR;
				CLANG_WARN_DOCUMENTATION_COMMENTS = YES;
				CLANG_WARN_EMPTY_BODY = YES;
				CLANG_WARN_ENUM_CONVERSION = YES;
				CLANG_WARN_INFINITE_RECURSION = YES;
				CLANG_WARN_INT_CONVERSION = YES;
				CLANG_WARN_NON_LITERAL_NULL_CONVERSION = YES;
				CLANG_WARN_OBJC_IMPLICIT_RETAIN_SELF = YES;
				CLANG_WARN_OBJC_LITERAL_CONVERSION = YES;
				CLANG_WARN_OBJC_ROOT_CLASS = YES_ERROR;
				CLANG_WARN_QUOTED_INCLUDE_IN_FRAMEWORK_HEADER = YES;
				CLANG_WARN_RANGE_LOOP_ANALYSIS = YES;
				CLANG_WARN_STRICT_PROTOTYPES = YES;
				CLANG_WARN_SUSPICIOUS_MOVE = YES;
				CLANG_WARN_UNGUARDED_AVAILABILITY = YES_AGGRESSIVE;
				CLANG_WARN_UNREACHABLE_CODE = YES;
				CLANG_WARN__DUPLICATE_METHOD_MATCH = YES;
				COPY_PHASE_STRIP = NO;
				DEBUG_INFORMATION_FORMAT = "dwarf-with-dsym";
				ENABLE_NS_ASSERTIONS = NO;
				ENABLE_STRICT_OBJC_MSGSEND = YES;
				GCC_C_LANGUAGE_STANDARD = gnu11;
				GCC_NO_COMMON_BLOCKS = YES;
				GCC_WARN_64_TO_32_BIT_CONVERSION = YES;
				GCC_WARN_ABOUT_RETURN_TYPE = YES_ERROR;
				GCC_WARN_UNDECLARED_SELECTOR = YES;
				GCC_WARN_UNINITIALIZED_AUTOS = YES_AGGRESSIVE;
				GCC_WARN_UNUSED_FUNCTION = YES;
				GCC_WARN_UNUSED_VARIABLE = YES;
				IPHONEOS_DEPLOYMENT_TARGET = 14.4;
				MTL_ENABLE_DEBUG_INFO = NO;
				MTL_FAST_MATH = YES;
				SDKROOT = iphoneos;
				SWIFT_COMPILATION_MODE = wholemodule;
				SWIFT_OPTIMIZATION_LEVEL = "-O";
				VALIDATE_PRODUCT = YES;
			};
			name = Release;
		};
		1F67CBD225DBE1510065C53F /* Debug */ = {
			isa = XCBuildConfiguration;
			buildSettings = {
				ASSETCATALOG_COMPILER_APPICON_NAME = AppIcon;
				ASSETCATALOG_COMPILER_GLOBAL_ACCENT_COLOR_NAME = AccentColor;
				CODE_SIGN_STYLE = Automatic;
				DEVELOPMENT_ASSET_PATHS = "\"GuessNumberGamesApp/Preview Content\"";
				DEVELOPMENT_TEAM = 4V2Z42C6DZ;
				ENABLE_PREVIEWS = YES;
				INFOPLIST_FILE = GuessNumberGamesApp/Info.plist;
				IPHONEOS_DEPLOYMENT_TARGET = 14.0;
				LD_RUNPATH_SEARCH_PATHS = (
					"$(inherited)",
					"@executable_path/Frameworks",
				);
				PRODUCT_BUNDLE_IDENTIFIER = Diumin.GuessNumberGamesApp;
				PRODUCT_NAME = "$(TARGET_NAME)";
				SWIFT_VERSION = 5.0;
				TARGETED_DEVICE_FAMILY = "1,2";
			};
			name = Debug;
		};
		1F67CBD325DBE1510065C53F /* Release */ = {
			isa = XCBuildConfiguration;
			buildSettings = {
				ASSETCATALOG_COMPILER_APPICON_NAME = AppIcon;
				ASSETCATALOG_COMPILER_GLOBAL_ACCENT_COLOR_NAME = AccentColor;
				CODE_SIGN_STYLE = Automatic;
				DEVELOPMENT_ASSET_PATHS = "\"GuessNumberGamesApp/Preview Content\"";
				DEVELOPMENT_TEAM = 4V2Z42C6DZ;
				ENABLE_PREVIEWS = YES;
				INFOPLIST_FILE = GuessNumberGamesApp/Info.plist;
				IPHONEOS_DEPLOYMENT_TARGET = 14.0;
				LD_RUNPATH_SEARCH_PATHS = (
					"$(inherited)",
					"@executable_path/Frameworks",
				);
				PRODUCT_BUNDLE_IDENTIFIER = Diumin.GuessNumberGamesApp;
				PRODUCT_NAME = "$(TARGET_NAME)";
				SWIFT_VERSION = 5.0;
				TARGETED_DEVICE_FAMILY = "1,2";
			};
			name = Release;
		};
/* End XCBuildConfiguration section */

/* Begin XCConfigurationList section */
		1F67CBBD25DBE14D0065C53F /* Build configuration list for PBXProject "GuessNumberGamesApp" */ = {
			isa = XCConfigurationList;
			buildConfigurations = (
				1F67CBCF25DBE1510065C53F /* Debug */,
				1F67CBD025DBE1510065C53F /* Release */,
			);
			defaultConfigurationIsVisible = 0;
			defaultConfigurationName = Release;
		};
		1F67CBD125DBE1510065C53F /* Build configuration list for PBXNativeTarget "GuessNumberGamesApp" */ = {
			isa = XCConfigurationList;
			buildConfigurations = (
				1F67CBD225DBE1510065C53F /* Debug */,
				1F67CBD325DBE1510065C53F /* Release */,
			);
			defaultConfigurationIsVisible = 0;
			defaultConfigurationName = Release;
		};
/* End XCConfigurationList section */
	};
	rootObject = 1F67CBBA25DBE14D0065C53F /* Project object */;
}
